
Microsoft Visual Studio Solution File, Format Version 12.00
# Visual Studio 15
VisualStudioVersion = 15.0.26823.1
MinimumVisualStudioVersion = 10.0.40219.1
Project("{9A19103F-16F7-4668-BE54-9A1E7A4F7556}") = "WebAppAspNetCore", "WebAppAspNetCore\WebAppAspNetCore.csproj", "{267E7979-F90E-4633-A9CE-F4BEEB1632ED}"
EndProject
Global
	GlobalSection(SolutionConfigurationPlatforms) = preSolution
		Debug|Any CPU = Debug|Any CPU
		Release|Any CPU = Release|Any CPU
	EndGlobalSection
	GlobalSection(ProjectConfigurationPlatforms) = postSolution
		{267E7979-F90E-4633-A9CE-F4BEEB1632ED}.Debug|Any CPU.ActiveCfg = Debug|Any CPU
		{267E7979-F90E-4633-A9CE-F4BEEB1632ED}.Debug|Any CPU.Build.0 = Debug|Any CPU
		{267E7979-F90E-4633-A9CE-F4BEEB1632ED}.Release|Any CPU.ActiveCfg = Release|Any CPU
		{267E7979-F90E-4633-A9CE-F4BEEB1632ED}.Release|Any CPU.Build.0 = Release|Any CPU
	EndGlobalSection
	GlobalSection(SolutionProperties) = preSolution
		HideSolutionNode = FALSE
	EndGlobalSection
	GlobalSection(ExtensibilityGlobals) = postSolution
		SolutionGuid = {75FD3C6E-589F-475D-8F0E-85667C2A840F}
	EndGlobalSection
EndGlobal
